
Microsoft Visual Studio Solution File, Format Version 12.00
# Visual Studio Version 17
VisualStudioVersion = 17.9.34728.123
MinimumVisualStudioVersion = 10.0.40219.1
Project("{9A19103F-16F7-4668-BE54-9A1E7A4F7556}") = "GUI", "TodoList\GUI.csproj", "{4E1F56B9-98BA-4DF4-8323-283649836BF8}"
EndProject
Project("{FAE04EC0-301F-11D3-BF4B-00C04F79EFBC}") = "Services", "Services\Services.csproj", "{9BD16B8E-0B8F-4A39-AC24-9FE4D737C55B}"
EndProject
Project("{FAE04EC0-301F-11D3-BF4B-00C04F79EFBC}") = "Repositories", "Repositories\Repositories.csproj", "{4290130C-00E4-42B7-9E23-D739EF7BA7B1}"
EndProject
Global
	GlobalSection(SolutionConfigurationPlatforms) = preSolution
		Debug|Any CPU = Debug|Any CPU
		Release|Any CPU = Release|Any CPU
	EndGlobalSection
	GlobalSection(ProjectConfigurationPlatforms) = postSolution
		{4E1F56B9-98BA-4DF4-8323-283649836BF8}.Debug|Any CPU.ActiveCfg = Debug|Any CPU
		{4E1F56B9-98BA-4DF4-8323-283649836BF8}.Debug|Any CPU.Build.0 = Debug|Any CPU
		{4E1F56B9-98BA-4DF4-8323-283649836BF8}.Release|Any CPU.ActiveCfg = Release|Any CPU
		{4E1F56B9-98BA-4DF4-8323-283649836BF8}.Release|Any CPU.Build.0 = Release|Any CPU
		{9BD16B8E-0B8F-4A39-AC24-9FE4D737C55B}.Debug|Any CPU.ActiveCfg = Debug|Any CPU
		{9BD16B8E-0B8F-4A39-AC24-9FE4D737C55B}.Debug|Any CPU.Build.0 = Debug|Any CPU
		{9BD16B8E-0B8F-4A39-AC24-9FE4D737C55B}.Release|Any CPU.ActiveCfg = Release|Any CPU
		{9BD16B8E-0B8F-4A39-AC24-9FE4D737C55B}.Release|Any CPU.Build.0 = Release|Any CPU
		{4290130C-00E4-42B7-9E23-D739EF7BA7B1}.Debug|Any CPU.ActiveCfg = Debug|Any CPU
		{4290130C-00E4-42B7-9E23-D739EF7BA7B1}.Debug|Any CPU.Build.0 = Debug|Any CPU
		{4290130C-00E4-42B7-9E23-D739EF7BA7B1}.Release|Any CPU.ActiveCfg = Release|Any CPU
		{4290130C-00E4-42B7-9E23-D739EF7BA7B1}.Release|Any CPU.Build.0 = Release|Any CPU
	EndGlobalSection
	GlobalSection(SolutionProperties) = preSolution
		HideSolutionNode = FALSE
	EndGlobalSection
	GlobalSection(ExtensibilityGlobals) = postSolution
		SolutionGuid = {176B9A0E-465B-4EEF-B191-A688C239F648}
	EndGlobalSection
EndGlobal
